// !$*UTF8*$!
{
	archiveVersion = 1;
	classes = {
	};
	objectVersion = 50;
	objects = {

/* Begin PBXBuildFile section */
		DC14E49824D2C227005B1802 /* SwiftUIControlApp.swift in Sources */ = {isa = PBXBuildFile; fileRef = DC14E49724D2C227005B1802 /* SwiftUIControlApp.swift */; };
		DC14E49A24D2C227005B1802 /* ContentView.swift in Sources */ = {isa = PBXBuildFile; fileRef = DC14E49924D2C227005B1802 /* ContentView.swift */; };
		DC14E49C24D2C229005B1802 /* Assets.xcassets in Resources */ = {isa = PBXBuildFile; fileRef = DC14E49B24D2C229005B1802 /* Assets.xcassets */; };
		DC14E49F24D2C229005B1802 /* Preview Assets.xcassets in Resources */ = {isa = PBXBuildFile; fileRef = DC14E49E24D2C229005B1802 /* Preview Assets.xcassets */; };
		DC14E4AA24D2C229005B1802 /* SwiftUIControlTests.swift in Sources */ = {isa = PBXBuildFile; fileRef = DC14E4A924D2C229005B1802 /* SwiftUIControlTests.swift */; };
		DC14E4B524D2C229005B1802 /* SwiftUIControlUITests.swift in Sources */ = {isa = PBXBuildFile; fileRef = DC14E4B424D2C229005B1802 /* SwiftUIControlUITests.swift */; };
		DC14E4C324D2C322005B1802 /* Stepper.swift in Sources */ = {isa = PBXBuildFile; fileRef = DC14E4C224D2C322005B1802 /* Stepper.swift */; };
		DC14E4C524D2C67A005B1802 /* SliderView.swift in Sources */ = {isa = PBXBuildFile; fileRef = DC14E4C424D2C67A005B1802 /* SliderView.swift */; };
		DC14E4C724D2CA68005B1802 /* FormViiew.swift in Sources */ = {isa = PBXBuildFile; fileRef = DC14E4C624D2CA68005B1802 /* FormViiew.swift */; };
		DC14E4C924D2CC36005B1802 /* ToolbarItem.swift in Sources */ = {isa = PBXBuildFile; fileRef = DC14E4C824D2CC36005B1802 /* ToolbarItem.swift */; };
		DC14E4CB24D2CCAA005B1802 /* TabView.swift in Sources */ = {isa = PBXBuildFile; fileRef = DC14E4CA24D2CCAA005B1802 /* TabView.swift */; };
/* End PBXBuildFile section */

/* Begin PBXContainerItemProxy section */
		DC14E4A624D2C229005B1802 /* PBXContainerItemProxy */ = {
			isa = PBXContainerItemProxy;
			containerPortal = DC14E48C24D2C227005B1802 /* Project object */;
			proxyType = 1;
			remoteGlobalIDString = DC14E49324D2C227005B1802;
			remoteInfo = SwiftUIControl;
		};
		DC14E4B124D2C229005B1802 /* PBXContainerItemProxy */ = {
			isa = PBXContainerItemProxy;
			containerPortal = DC14E48C24D2C227005B1802 /* Project object */;
			proxyType = 1;
			remoteGlobalIDString = DC14E49324D2C227005B1802;
			remoteInfo = SwiftUIControl;
		};
/* End PBXContainerItemProxy section */

/* Begin PBXFileReference section */
		DC14E49424D2C227005B1802 /* SwiftUIControl.app */ = {isa = PBXFileReference; explicitFileType = wrapper.application; includeInIndex = 0; path = SwiftUIControl.app; sourceTree = BUILT_PRODUCTS_DIR; };
		DC14E49724D2C227005B1802 /* SwiftUIControlApp.swift */ = {isa = PBXFileReference; lastKnownFileType = sourcecode.swift; path = SwiftUIControlApp.swift; sourceTree = "<group>"; };
		DC14E49924D2C227005B1802 /* ContentView.swift */ = {isa = PBXFileReference; lastKnownFileType = sourcecode.swift; path = ContentView.swift; sourceTree = "<group>"; };
		DC14E49B24D2C229005B1802 /* Assets.xcassets */ = {isa = PBXFileReference; lastKnownFileType = folder.assetcatalog; path = Assets.xcassets; sourceTree = "<group>"; };
		DC14E49E24D2C229005B1802 /* Preview Assets.xcassets */ = {isa = PBXFileReference; lastKnownFileType = folder.assetcatalog; path = "Preview Assets.xcassets"; sourceTree = "<group>"; };
		DC14E4A024D2C229005B1802 /* Info.plist */ = {isa = PBXFileReference; lastKnownFileType = text.plist.xml; path = Info.plist; sourceTree = "<group>"; };
		DC14E4A524D2C229005B1802 /* SwiftUIControlTests.xctest */ = {isa = PBXFileReference; explicitFileType = wrapper.cfbundle; includeInIndex = 0; path = SwiftUIControlTests.xctest; sourceTree = BUILT_PRODUCTS_DIR; };
		DC14E4A924D2C229005B1802 /* SwiftUIControlTests.swift */ = {isa = PBXFileReference; lastKnownFileType = sourcecode.swift; path = SwiftUIControlTests.swift; sourceTree = "<group>"; };
		DC14E4AB24D2C229005B1802 /* Info.plist */ = {isa = PBXFileReference; lastKnownFileType = text.plist.xml; path = Info.plist; sourceTree = "<group>"; };
		DC14E4B024D2C229005B1802 /* SwiftUIControlUITests.xctest */ = {isa = PBXFileReference; explicitFileType = wrapper.cfbundle; includeInIndex = 0; path = SwiftUIControlUITests.xctest; sourceTree = BUILT_PRODUCTS_DIR; };
		DC14E4B424D2C229005B1802 /* SwiftUIControlUITests.swift */ = {isa = PBXFileReference; lastKnownFileType = sourcecode.swift; path = SwiftUIControlUITests.swift; sourceTree = "<group>"; };
		DC14E4B624D2C229005B1802 /* Info.plist */ = {isa = PBXFileReference; lastKnownFileType = text.plist.xml; path = Info.plist; sourceTree = "<group>"; };
		DC14E4C224D2C322005B1802 /* Stepper.swift */ = {isa = PBXFileReference; lastKnownFileType = sourcecode.swift; path = Stepper.swift; sourceTree = "<group>"; };
		DC14E4C424D2C67A005B1802 /* SliderView.swift */ = {isa = PBXFileReference; lastKnownFileType = sourcecode.swift; path = SliderView.swift; sourceTree = "<group>"; };
		DC14E4C624D2CA68005B1802 /* FormViiew.swift */ = {isa = PBXFileReference; lastKnownFileType = sourcecode.swift; path = FormViiew.swift; sourceTree = "<group>"; };
		DC14E4C824D2CC36005B1802 /* ToolbarItem.swift */ = {isa = PBXFileReference; lastKnownFileType = sourcecode.swift; path = ToolbarItem.swift; sourceTree = "<group>"; };
		DC14E4CA24D2CCAA005B1802 /* TabView.swift */ = {isa = PBXFileReference; lastKnownFileType = sourcecode.swift; path = TabView.swift; sourceTree = "<group>"; };
/* End PBXFileReference section */

/* Begin PBXFrameworksBuildPhase section */
		DC14E49124D2C227005B1802 /* Frameworks */ = {
			isa = PBXFrameworksBuildPhase;
			buildActionMask = 2147483647;
			files = (
			);
			runOnlyForDeploymentPostprocessing = 0;
		};
		DC14E4A224D2C229005B1802 /* Frameworks */ = {
			isa = PBXFrameworksBuildPhase;
			buildActionMask = 2147483647;
			files = (
			);
			runOnlyForDeploymentPostprocessing = 0;
		};
		DC14E4AD24D2C229005B1802 /* Frameworks */ = {
			isa = PBXFrameworksBuildPhase;
			buildActionMask = 2147483647;
			files = (
			);
			runOnlyForDeploymentPostprocessing = 0;
		};
/* End PBXFrameworksBuildPhase section */

/* Begin PBXGroup section */
		DC14E48B24D2C227005B1802 = {
			isa = PBXGroup;
			children = (
				DC14E49624D2C227005B1802 /* SwiftUIControl */,
				DC14E4A824D2C229005B1802 /* SwiftUIControlTests */,
				DC14E4B324D2C229005B1802 /* SwiftUIControlUITests */,
				DC14E49524D2C227005B1802 /* Products */,
			);
			sourceTree = "<group>";
		};
		DC14E49524D2C227005B1802 /* Products */ = {
			isa = PBXGroup;
			children = (
				DC14E49424D2C227005B1802 /* SwiftUIControl.app */,
				DC14E4A524D2C229005B1802 /* SwiftUIControlTests.xctest */,
				DC14E4B024D2C229005B1802 /* SwiftUIControlUITests.xctest */,
			);
			name = Products;
			sourceTree = "<group>";
		};
		DC14E49624D2C227005B1802 /* SwiftUIControl */ = {
			isa = PBXGroup;
			children = (
				DC14E49724D2C227005B1802 /* SwiftUIControlApp.swift */,
				DC14E49924D2C227005B1802 /* ContentView.swift */,
				DC14E4C224D2C322005B1802 /* Stepper.swift */,
				DC14E4C424D2C67A005B1802 /* SliderView.swift */,
				DC14E4C624D2CA68005B1802 /* FormViiew.swift */,
				DC14E4C824D2CC36005B1802 /* ToolbarItem.swift */,
				DC14E4CA24D2CCAA005B1802 /* TabView.swift */,
				DC14E49B24D2C229005B1802 /* Assets.xcassets */,
				DC14E4A024D2C229005B1802 /* Info.plist */,
				DC14E49D24D2C229005B1802 /* Preview Content */,
			);
			path = SwiftUIControl;
			sourceTree = "<group>";
		};
		DC14E49D24D2C229005B1802 /* Preview Content */ = {
			isa = PBXGroup;
			children = (
				DC14E49E24D2C229005B1802 /* Preview Assets.xcassets */,
			);
			path = "Preview Content";
			sourceTree = "<group>";
		};
		DC14E4A824D2C229005B1802 /* SwiftUIControlTests */ = {
			isa = PBXGroup;
			children = (
				DC14E4A924D2C229005B1802 /* SwiftUIControlTests.swift */,
				DC14E4AB24D2C229005B1802 /* Info.plist */,
			);
			path = SwiftUIControlTests;
			sourceTree = "<group>";
		};
		DC14E4B324D2C229005B1802 /* SwiftUIControlUITests */ = {
			isa = PBXGroup;
			children = (
				DC14E4B424D2C229005B1802 /* SwiftUIControlUITests.swift */,
				DC14E4B624D2C229005B1802 /* Info.plist */,
			);
			path = SwiftUIControlUITests;
			sourceTree = "<group>";
		};
/* End PBXGroup section */

/* Begin PBXNativeTarget section */
		DC14E49324D2C227005B1802 /* SwiftUIControl */ = {
			isa = PBXNativeTarget;
			buildConfigurationList = DC14E4B924D2C229005B1802 /* Build configuration list for PBXNativeTarget "SwiftUIControl" */;
			buildPhases = (
				DC14E49024D2C227005B1802 /* Sources */,
				DC14E49124D2C227005B1802 /* Frameworks */,
				DC14E49224D2C227005B1802 /* Resources */,
			);
			buildRules = (
			);
			dependencies = (
			);
			name = SwiftUIControl;
			productName = SwiftUIControl;
			productReference = DC14E49424D2C227005B1802 /* SwiftUIControl.app */;
			productType = "com.apple.product-type.application";
		};
		DC14E4A424D2C229005B1802 /* SwiftUIControlTests */ = {
			isa = PBXNativeTarget;
			buildConfigurationList = DC14E4BC24D2C229005B1802 /* Build configuration list for PBXNativeTarget "SwiftUIControlTests" */;
			buildPhases = (
				DC14E4A124D2C229005B1802 /* Sources */,
				DC14E4A224D2C229005B1802 /* Frameworks */,
				DC14E4A324D2C229005B1802 /* Resources */,
			);
			buildRules = (
			);
			dependencies = (
				DC14E4A724D2C229005B1802 /* PBXTargetDependency */,
			);
			name = SwiftUIControlTests;
			productName = SwiftUIControlTests;
			productReference = DC14E4A524D2C229005B1802 /* SwiftUIControlTests.xctest */;
			productType = "com.apple.product-type.bundle.unit-test";
		};
		DC14E4AF24D2C229005B1802 /* SwiftUIControlUITests */ = {
			isa = PBXNativeTarget;
			buildConfigurationList = DC14E4BF24D2C229005B1802 /* Build configuration list for PBXNativeTarget "SwiftUIControlUITests" */;
			buildPhases = (
				DC14E4AC24D2C229005B1802 /* Sources */,
				DC14E4AD24D2C229005B1802 /* Frameworks */,
				DC14E4AE24D2C229005B1802 /* Resources */,
			);
			buildRules = (
			);
			dependencies = (
				DC14E4B224D2C229005B1802 /* PBXTargetDependency */,
			);
			name = SwiftUIControlUITests;
			productName = SwiftUIControlUITests;
			productReference = DC14E4B024D2C229005B1802 /* SwiftUIControlUITests.xctest */;
			productType = "com.apple.product-type.bundle.ui-testing";
		};
/* End PBXNativeTarget section */

/* Begin PBXProject section */
		DC14E48C24D2C227005B1802 /* Project object */ = {
			isa = PBXProject;
			attributes = {
				LastSwiftUpdateCheck = 1200;
				LastUpgradeCheck = 1200;
				TargetAttributes = {
					DC14E49324D2C227005B1802 = {
						CreatedOnToolsVersion = 12.0;
					};
					DC14E4A424D2C229005B1802 = {
						CreatedOnToolsVersion = 12.0;
						TestTargetID = DC14E49324D2C227005B1802;
					};
					DC14E4AF24D2C229005B1802 = {
						CreatedOnToolsVersion = 12.0;
						TestTargetID = DC14E49324D2C227005B1802;
					};
				};
			};
			buildConfigurationList = DC14E48F24D2C227005B1802 /* Build configuration list for PBXProject "SwiftUIControl" */;
			compatibilityVersion = "Xcode 9.3";
			developmentRegion = en;
			hasScannedForEncodings = 0;
			knownRegions = (
				en,
				Base,
			);
			mainGroup = DC14E48B24D2C227005B1802;
			productRefGroup = DC14E49524D2C227005B1802 /* Products */;
			projectDirPath = "";
			projectRoot = "";
			targets = (
				DC14E49324D2C227005B1802 /* SwiftUIControl */,
				DC14E4A424D2C229005B1802 /* SwiftUIControlTests */,
				DC14E4AF24D2C229005B1802 /* SwiftUIControlUITests */,
			);
		};
/* End PBXProject section */

/* Begin PBXResourcesBuildPhase section */
		DC14E49224D2C227005B1802 /* Resources */ = {
			isa = PBXResourcesBuildPhase;
			buildActionMask = 2147483647;
			files = (
				DC14E49F24D2C229005B1802 /* Preview Assets.xcassets in Resources */,
				DC14E49C24D2C229005B1802 /* Assets.xcassets in Resources */,
			);
			runOnlyForDeploymentPostprocessing = 0;
		};
		DC14E4A324D2C229005B1802 /* Resources */ = {
			isa = PBXResourcesBuildPhase;
			buildActionMask = 2147483647;
			files = (
			);
			runOnlyForDeploymentPostprocessing = 0;
		};
		DC14E4AE24D2C229005B1802 /* Resources */ = {
			isa = PBXResourcesBuildPhase;
			buildActionMask = 2147483647;
			files = (
			);
			runOnlyForDeploymentPostprocessing = 0;
		};
/* End PBXResourcesBuildPhase section */

/* Begin PBXSourcesBuildPhase section */
		DC14E49024D2C227005B1802 /* Sources */ = {
			isa = PBXSourcesBuildPhase;
			buildActionMask = 2147483647;
			files = (
				DC14E49A24D2C227005B1802 /* ContentView.swift in Sources */,
				DC14E4C724D2CA68005B1802 /* FormViiew.swift in Sources */,
				DC14E4C524D2C67A005B1802 /* SliderView.swift in Sources */,
				DC14E4CB24D2CCAA005B1802 /* TabView.swift in Sources */,
				DC14E4C324D2C322005B1802 /* Stepper.swift in Sources */,
				DC14E4C924D2CC36005B1802 /* ToolbarItem.swift in Sources */,
				DC14E49824D2C227005B1802 /* SwiftUIControlApp.swift in Sources */,
			);
			runOnlyForDeploymentPostprocessing = 0;
		};
		DC14E4A124D2C229005B1802 /* Sources */ = {
			isa = PBXSourcesBuildPhase;
			buildActionMask = 2147483647;
			files = (
				DC14E4AA24D2C229005B1802 /* SwiftUIControlTests.swift in Sources */,
			);
			runOnlyForDeploymentPostprocessing = 0;
		};
		DC14E4AC24D2C229005B1802 /* Sources */ = {
			isa = PBXSourcesBuildPhase;
			buildActionMask = 2147483647;
			files = (
				DC14E4B524D2C229005B1802 /* SwiftUIControlUITests.swift in Sources */,
			);
			runOnlyForDeploymentPostprocessing = 0;
		};
/* End PBXSourcesBuildPhase section */

/* Begin PBXTargetDependency section */
		DC14E4A724D2C229005B1802 /* PBXTargetDependency */ = {
			isa = PBXTargetDependency;
			target = DC14E49324D2C227005B1802 /* SwiftUIControl */;
			targetProxy = DC14E4A624D2C229005B1802 /* PBXContainerItemProxy */;
		};
		DC14E4B224D2C229005B1802 /* PBXTargetDependency */ = {
			isa = PBXTargetDependency;
			target = DC14E49324D2C227005B1802 /* SwiftUIControl */;
			targetProxy = DC14E4B124D2C229005B1802 /* PBXContainerItemProxy */;
		};
/* End PBXTargetDependency section */

/* Begin XCBuildConfiguration section */
		DC14E4B724D2C229005B1802 /* Debug */ = {
			isa = XCBuildConfiguration;
			buildSettings = {
				ALWAYS_SEARCH_USER_PATHS = NO;
				CLANG_ANALYZER_NONNULL = YES;
				CLANG_ANALYZER_NUMBER_OBJECT_CONVERSION = YES_AGGRESSIVE;
				CLANG_CXX_LANGUAGE_STANDARD = "gnu++14";
				CLANG_CXX_LIBRARY = "libc++";
				CLANG_ENABLE_MODULES = YES;
				CLANG_ENABLE_OBJC_ARC = YES;
				CLANG_ENABLE_OBJC_WEAK = YES;
				CLANG_WARN_BLOCK_CAPTURE_AUTORELEASING = YES;
				CLANG_WARN_BOOL_CONVERSION = YES;
				CLANG_WARN_COMMA = YES;
				CLANG_WARN_CONSTANT_CONVERSION = YES;
				CLANG_WARN_DEPRECATED_OBJC_IMPLEMENTATIONS = YES;
				CLANG_WARN_DIRECT_OBJC_ISA_USAGE = YES_ERROR;
				CLANG_WARN_DOCUMENTATION_COMMENTS = YES;
				CLANG_WARN_EMPTY_BODY = YES;
				CLANG_WARN_ENUM_CONVERSION = YES;
				CLANG_WARN_INFINITE_RECURSION = YES;
				CLANG_WARN_INT_CONVERSION = YES;
				CLANG_WARN_NON_LITERAL_NULL_CONVERSION = YES;
				CLANG_WARN_OBJC_IMPLICIT_RETAIN_SELF = YES;
				CLANG_WARN_OBJC_LITERAL_CONVERSION = YES;
				CLANG_WARN_OBJC_ROOT_CLASS = YES_ERROR;
				CLANG_WARN_QUOTED_INCLUDE_IN_FRAMEWORK_HEADER = YES;
				CLANG_WARN_RANGE_LOOP_ANALYSIS = YES;
				CLANG_WARN_STRICT_PROTOTYPES = YES;
				CLANG_WARN_SUSPICIOUS_MOVE = YES;
				CLANG_WARN_UNGUARDED_AVAILABILITY = YES_AGGRESSIVE;
				CLANG_WARN_UNREACHABLE_CODE = YES;
				CLANG_WARN__DUPLICATE_METHOD_MATCH = YES;
				COPY_PHASE_STRIP = NO;
				DEBUG_INFORMATION_FORMAT = dwarf;
				ENABLE_STRICT_OBJC_MSGSEND = YES;
				ENABLE_TESTABILITY = YES;
				GCC_C_LANGUAGE_STANDARD = gnu11;
				GCC_DYNAMIC_NO_PIC = NO;
				GCC_NO_COMMON_BLOCKS = YES;
				GCC_OPTIMIZATION_LEVEL = 0;
				GCC_PREPROCESSOR_DEFINITIONS = (
					"DEBUG=1",
					"$(inherited)",
				);
				GCC_WARN_64_TO_32_BIT_CONVERSION = YES;
				GCC_WARN_ABOUT_RETURN_TYPE = YES_ERROR;
				GCC_WARN_UNDECLARED_SELECTOR = YES;
				GCC_WARN_UNINITIALIZED_AUTOS = YES_AGGRESSIVE;
				GCC_WARN_UNUSED_FUNCTION = YES;
				GCC_WARN_UNUSED_VARIABLE = YES;
				IPHONEOS_DEPLOYMENT_TARGET = 14.0;
				MTL_ENABLE_DEBUG_INFO = INCLUDE_SOURCE;
				MTL_FAST_MATH = YES;
				ONLY_ACTIVE_ARCH = YES;
				SDKROOT = iphoneos;
				SWIFT_ACTIVE_COMPILATION_CONDITIONS = DEBUG;
				SWIFT_OPTIMIZATION_LEVEL = "-Onone";
			};
			name = Debug;
		};
		DC14E4B824D2C229005B1802 /* Release */ = {
			isa = XCBuildConfiguration;
			buildSettings = {
				ALWAYS_SEARCH_USER_PATHS = NO;
				CLANG_ANALYZER_NONNULL = YES;
				CLANG_ANALYZER_NUMBER_OBJECT_CONVERSION = YES_AGGRESSIVE;
				CLANG_CXX_LANGUAGE_STANDARD = "gnu++14";
				CLANG_CXX_LIBRARY = "libc++";
				CLANG_ENABLE_MODULES = YES;
				CLANG_ENABLE_OBJC_ARC = YES;
				CLANG_ENABLE_OBJC_WEAK = YES;
				CLANG_WARN_BLOCK_CAPTURE_AUTORELEASING = YES;
				CLANG_WARN_BOOL_CONVERSION = YES;
				CLANG_WARN_COMMA = YES;
				CLANG_WARN_CONSTANT_CONVERSION = YES;
				CLANG_WARN_DEPRECATED_OBJC_IMPLEMENTATIONS = YES;
				CLANG_WARN_DIRECT_OBJC_ISA_USAGE = YES_ERROR;
				CLANG_WARN_DOCUMENTATION_COMMENTS = YES;
				CLANG_WARN_EMPTY_BODY = YES;
				CLANG_WARN_ENUM_CONVERSION = YES;
				CLANG_WARN_INFINITE_RECURSION = YES;
				CLANG_WARN_INT_CONVERSION = YES;
				CLANG_WARN_NON_LITERAL_NULL_CONVERSION = YES;
				CLANG_WARN_OBJC_IMPLICIT_RETAIN_SELF = YES;
				CLANG_WARN_OBJC_LITERAL_CONVERSION = YES;
				CLANG_WARN_OBJC_ROOT_CLASS = YES_ERROR;
				CLANG_WARN_QUOTED_INCLUDE_IN_FRAMEWORK_HEADER = YES;
				CLANG_WARN_RANGE_LOOP_ANALYSIS = YES;
				CLANG_WARN_STRICT_PROTOTYPES = YES;
				CLANG_WARN_SUSPICIOUS_MOVE = YES;
				CLANG_WARN_UNGUARDED_AVAILABILITY = YES_AGGRESSIVE;
				CLANG_WARN_UNREACHABLE_CODE = YES;
				CLANG_WARN__DUPLICATE_METHOD_MATCH = YES;
				COPY_PHASE_STRIP = NO;
				DEBUG_INFORMATION_FORMAT = "dwarf-with-dsym";
				ENABLE_NS_ASSERTIONS = NO;
				ENABLE_STRICT_OBJC_MSGSEND = YES;
				GCC_C_LANGUAGE_STANDARD = gnu11;
				GCC_NO_COMMON_BLOCKS = YES;
				GCC_WARN_64_TO_32_BIT_CONVERSION = YES;
				GCC_WARN_ABOUT_RETURN_TYPE = YES_ERROR;
				GCC_WARN_UNDECLARED_SELECTOR = YES;
				GCC_WARN_UNINITIALIZED_AUTOS = YES_AGGRESSIVE;
				GCC_WARN_UNUSED_FUNCTION = YES;
				GCC_WARN_UNUSED_VARIABLE = YES;
				IPHONEOS_DEPLOYMENT_TARGET = 14.0;
				MTL_ENABLE_DEBUG_INFO = NO;
				MTL_FAST_MATH = YES;
				SDKROOT = iphoneos;
				SWIFT_COMPILATION_MODE = wholemodule;
				SWIFT_OPTIMIZATION_LEVEL = "-O";
				VALIDATE_PRODUCT = YES;
			};
			name = Release;
		};
		DC14E4BA24D2C229005B1802 /* Debug */ = {
			isa = XCBuildConfiguration;
			buildSettings = {
				ASSETCATALOG_COMPILER_APPICON_NAME = AppIcon;
				ASSETCATALOG_COMPILER_GLOBAL_ACCENT_COLOR_NAME = AccentColor;
				CODE_SIGN_STYLE = Automatic;
				DEVELOPMENT_ASSET_PATHS = "\"SwiftUIControl/Preview Content\"";
				DEVELOPMENT_TEAM = NA49TH345U;
				ENABLE_PREVIEWS = YES;
				INFOPLIST_FILE = SwiftUIControl/Info.plist;
				IPHONEOS_DEPLOYMENT_TARGET = 14.0;
				LD_RUNPATH_SEARCH_PATHS = (
					"$(inherited)",
					"@executable_path/Frameworks",
				);
				PRODUCT_BUNDLE_IDENTIFIER = VNG.SwiftUIControl;
				PRODUCT_NAME = "$(TARGET_NAME)";
				SWIFT_VERSION = 5.0;
				TARGETED_DEVICE_FAMILY = "1,2";
			};
			name = Debug;
		};
		DC14E4BB24D2C229005B1802 /* Release */ = {
			isa = XCBuildConfiguration;
			buildSettings = {
				ASSETCATALOG_COMPILER_APPICON_NAME = AppIcon;
				ASSETCATALOG_COMPILER_GLOBAL_ACCENT_COLOR_NAME = AccentColor;
				CODE_SIGN_STYLE = Automatic;
				DEVELOPMENT_ASSET_PATHS = "\"SwiftUIControl/Preview Content\"";
				DEVELOPMENT_TEAM = NA49TH345U;
				ENABLE_PREVIEWS = YES;
				INFOPLIST_FILE = SwiftUIControl/Info.plist;
				IPHONEOS_DEPLOYMENT_TARGET = 14.0;
				LD_RUNPATH_SEARCH_PATHS = (
					"$(inherited)",
					"@executable_path/Frameworks",
				);
				PRODUCT_BUNDLE_IDENTIFIER = VNG.SwiftUIControl;
				PRODUCT_NAME = "$(TARGET_NAME)";
				SWIFT_VERSION = 5.0;
				TARGETED_DEVICE_FAMILY = "1,2";
			};
			name = Release;
		};
		DC14E4BD24D2C229005B1802 /* Debug */ = {
			isa = XCBuildConfiguration;
			buildSettings = {
				ALWAYS_EMBED_SWIFT_STANDARD_LIBRARIES = YES;
				BUNDLE_LOADER = "$(TEST_HOST)";
				CODE_SIGN_STYLE = Automatic;
				DEVELOPMENT_TEAM = NA49TH345U;
				INFOPLIST_FILE = SwiftUIControlTests/Info.plist;
				IPHONEOS_DEPLOYMENT_TARGET = 14.0;
				LD_RUNPATH_SEARCH_PATHS = (
					"$(inherited)",
					"@executable_path/Frameworks",
					"@loader_path/Frameworks",
				);
				PRODUCT_BUNDLE_IDENTIFIER = VNG.SwiftUIControlTests;
				PRODUCT_NAME = "$(TARGET_NAME)";
				SWIFT_VERSION = 5.0;
				TARGETED_DEVICE_FAMILY = "1,2";
				TEST_HOST = "$(BUILT_PRODUCTS_DIR)/SwiftUIControl.app/SwiftUIControl";
			};
			name = Debug;
		};
		DC14E4BE24D2C229005B1802 /* Release */ = {
			isa = XCBuildConfiguration;
			buildSettings = {
				ALWAYS_EMBED_SWIFT_STANDARD_LIBRARIES = YES;
				BUNDLE_LOADER = "$(TEST_HOST)";
				CODE_SIGN_STYLE = Automatic;
				DEVELOPMENT_TEAM = NA49TH345U;
				INFOPLIST_FILE = SwiftUIControlTests/Info.plist;
				IPHONEOS_DEPLOYMENT_TARGET = 14.0;
				LD_RUNPATH_SEARCH_PATHS = (
					"$(inherited)",
					"@executable_path/Frameworks",
					"@loader_path/Frameworks",
				);
				PRODUCT_BUNDLE_IDENTIFIER = VNG.SwiftUIControlTests;
				PRODUCT_NAME = "$(TARGET_NAME)";
				SWIFT_VERSION = 5.0;
				TARGETED_DEVICE_FAMILY = "1,2";
				TEST_HOST = "$(BUILT_PRODUCTS_DIR)/SwiftUIControl.app/SwiftUIControl";
			};
			name = Release;
		};
		DC14E4C024D2C229005B1802 /* Debug */ = {
			isa = XCBuildConfiguration;
			buildSettings = {
				ALWAYS_EMBED_SWIFT_STANDARD_LIBRARIES = YES;
				CODE_SIGN_STYLE = Automatic;
				DEVELOPMENT_TEAM = NA49TH345U;
				INFOPLIST_FILE = SwiftUIControlUITests/Info.plist;
				LD_RUNPATH_SEARCH_PATHS = (
					"$(inherited)",
					"@executable_path/Frameworks",
					"@loader_path/Frameworks",
				);
				PRODUCT_BUNDLE_IDENTIFIER = VNG.SwiftUIControlUITests;
				PRODUCT_NAME = "$(TARGET_NAME)";
				SWIFT_VERSION = 5.0;
				TARGETED_DEVICE_FAMILY = "1,2";
				TEST_TARGET_NAME = SwiftUIControl;
			};
			name = Debug;
		};
		DC14E4C124D2C229005B1802 /* Release */ = {
			isa = XCBuildConfiguration;
			buildSettings = {
				ALWAYS_EMBED_SWIFT_STANDARD_LIBRARIES = YES;
				CODE_SIGN_STYLE = Automatic;
				DEVELOPMENT_TEAM = NA49TH345U;
				INFOPLIST_FILE = SwiftUIControlUITests/Info.plist;
				LD_RUNPATH_SEARCH_PATHS = (
					"$(inherited)",
					"@executable_path/Frameworks",
					"@loader_path/Frameworks",
				);
				PRODUCT_BUNDLE_IDENTIFIER = VNG.SwiftUIControlUITests;
				PRODUCT_NAME = "$(TARGET_NAME)";
				SWIFT_VERSION = 5.0;
				TARGETED_DEVICE_FAMILY = "1,2";
				TEST_TARGET_NAME = SwiftUIControl;
			};
			name = Release;
		};
/* End XCBuildConfiguration section */

/* Begin XCConfigurationList section */
		DC14E48F24D2C227005B1802 /* Build configuration list for PBXProject "SwiftUIControl" */ = {
			isa = XCConfigurationList;
			buildConfigurations = (
				DC14E4B724D2C229005B1802 /* Debug */,
				DC14E4B824D2C229005B1802 /* Release */,
			);
			defaultConfigurationIsVisible = 0;
			defaultConfigurationName = Release;
		};
		DC14E4B924D2C229005B1802 /* Build configuration list for PBXNativeTarget "SwiftUIControl" */ = {
			isa = XCConfigurationList;
			buildConfigurations = (
				DC14E4BA24D2C229005B1802 /* Debug */,
				DC14E4BB24D2C229005B1802 /* Release */,
			);
			defaultConfigurationIsVisible = 0;
			defaultConfigurationName = Release;
		};
		DC14E4BC24D2C229005B1802 /* Build configuration list for PBXNativeTarget "SwiftUIControlTests" */ = {
			isa = XCConfigurationList;
			buildConfigurations = (
				DC14E4BD24D2C229005B1802 /* Debug */,
				DC14E4BE24D2C229005B1802 /* Release */,
			);
			defaultConfigurationIsVisible = 0;
			defaultConfigurationName = Release;
		};
		DC14E4BF24D2C229005B1802 /* Build configuration list for PBXNativeTarget "SwiftUIControlUITests" */ = {
			isa = XCConfigurationList;
			buildConfigurations = (
				DC14E4C024D2C229005B1802 /* Debug */,
				DC14E4C124D2C229005B1802 /* Release */,
			);
			defaultConfigurationIsVisible = 0;
			defaultConfigurationName = Release;
		};
/* End XCConfigurationList section */
	};
	rootObject = DC14E48C24D2C227005B1802 /* Project object */;
}
